
Microsoft Visual Studio Solution File, Format Version 12.00
# Visual Studio Version 16
VisualStudioVersion = 16.0.31105.61
MinimumVisualStudioVersion = 10.0.40219.1
Project("{FAE04EC0-301F-11D3-BF4B-00C04F79EFBC}") = "EventSample", "EventSample.csproj", "{E7FC3642-EA9D-4DC9-BB8C-1E9EC054D70F}"
EndProject
Global
	GlobalSection(SolutionConfigurationPlatforms) = preSolution
		Debug|Any CPU = Debug|Any CPU
		Release|Any CPU = Release|Any CPU
	EndGlobalSection
	GlobalSection(ProjectConfigurationPlatforms) = postSolution
		{E7FC3642-EA9D-4DC9-BB8C-1E9EC054D70F}.Debug|Any CPU.ActiveCfg = Debug|Any CPU
		{E7FC3642-EA9D-4DC9-BB8C-1E9EC054D70F}.Debug|Any CPU.Build.0 = Debug|Any CPU
		{E7FC3642-EA9D-4DC9-BB8C-1E9EC054D70F}.Release|Any CPU.ActiveCfg = Release|Any CPU
		{E7FC3642-EA9D-4DC9-BB8C-1E9EC054D70F}.Release|Any CPU.Build.0 = Release|Any CPU
	EndGlobalSection
	GlobalSection(SolutionProperties) = preSolution
		HideSolutionNode = FALSE
	EndGlobalSection
	GlobalSection(ExtensibilityGlobals) = postSolution
		SolutionGuid = {91FAF0C5-5DBD-4F23-8B3E-2035D1D7323B}
	EndGlobalSection
EndGlobal
