
Microsoft Visual Studio Solution File, Format Version 12.00
# Visual Studio Version 16
VisualStudioVersion = 16.0.31105.61
MinimumVisualStudioVersion = 10.0.40219.1
Project("{FAE04EC0-301F-11D3-BF4B-00C04F79EFBC}") = "EventExample", "EventExample.csproj", "{9B8A8B64-3BD4-4B84-9614-A5BC30E3A5C3}"
EndProject
Global
	GlobalSection(SolutionConfigurationPlatforms) = preSolution
		Debug|Any CPU = Debug|Any CPU
		Release|Any CPU = Release|Any CPU
	EndGlobalSection
	GlobalSection(ProjectConfigurationPlatforms) = postSolution
		{9B8A8B64-3BD4-4B84-9614-A5BC30E3A5C3}.Debug|Any CPU.ActiveCfg = Debug|Any CPU
		{9B8A8B64-3BD4-4B84-9614-A5BC30E3A5C3}.Debug|Any CPU.Build.0 = Debug|Any CPU
		{9B8A8B64-3BD4-4B84-9614-A5BC30E3A5C3}.Release|Any CPU.ActiveCfg = Release|Any CPU
		{9B8A8B64-3BD4-4B84-9614-A5BC30E3A5C3}.Release|Any CPU.Build.0 = Release|Any CPU
	EndGlobalSection
	GlobalSection(SolutionProperties) = preSolution
		HideSolutionNode = FALSE
	EndGlobalSection
	GlobalSection(ExtensibilityGlobals) = postSolution
		SolutionGuid = {6E37D343-07D3-4347-BB67-06D1445738AA}
	EndGlobalSection
EndGlobal
