
Microsoft Visual Studio Solution File, Format Version 12.00
# Visual Studio Version 16
VisualStudioVersion = 16.0.31105.61
MinimumVisualStudioVersion = 10.0.40219.1
Project("{FAE04EC0-301F-11D3-BF4B-00C04F79EFBC}") = "WpfHelloworld", "WpfHelloworld.csproj", "{59142993-780D-483B-AF03-79326232E3A2}"
EndProject
Global
	GlobalSection(SolutionConfigurationPlatforms) = preSolution
		Debug|Any CPU = Debug|Any CPU
		Release|Any CPU = Release|Any CPU
	EndGlobalSection
	GlobalSection(ProjectConfigurationPlatforms) = postSolution
		{59142993-780D-483B-AF03-79326232E3A2}.Debug|Any CPU.ActiveCfg = Debug|Any CPU
		{59142993-780D-483B-AF03-79326232E3A2}.Debug|Any CPU.Build.0 = Debug|Any CPU
		{59142993-780D-483B-AF03-79326232E3A2}.Release|Any CPU.ActiveCfg = Release|Any CPU
		{59142993-780D-483B-AF03-79326232E3A2}.Release|Any CPU.Build.0 = Release|Any CPU
	EndGlobalSection
	GlobalSection(SolutionProperties) = preSolution
		HideSolutionNode = FALSE
	EndGlobalSection
	GlobalSection(ExtensibilityGlobals) = postSolution
		SolutionGuid = {26B9ACDB-C3DD-4D24-A1A2-590A95E04835}
	EndGlobalSection
EndGlobal
