
Microsoft Visual Studio Solution File, Format Version 12.00
# Visual Studio Version 16
VisualStudioVersion = 16.0.31105.61
MinimumVisualStudioVersion = 10.0.40219.1
Project("{9A19103F-16F7-4668-BE54-9A1E7A4F7556}") = "CjApp", "CjApp.csproj", "{37EFC4EF-C49F-4301-B35B-22E5D7BD95C7}"
EndProject
Project("{54435603-DBB4-11D2-8724-00A0C9A8B90C}") = "SetupInstall", "..\SetupInstall\SetupInstall.vdproj", "{5DAD9280-C9C8-443F-9D6C-9912D00D54A0}"
EndProject
Global
	GlobalSection(SolutionConfigurationPlatforms) = preSolution
		Debug|Any CPU = Debug|Any CPU
		Release|Any CPU = Release|Any CPU
	EndGlobalSection
	GlobalSection(ProjectConfigurationPlatforms) = postSolution
		{37EFC4EF-C49F-4301-B35B-22E5D7BD95C7}.Debug|Any CPU.ActiveCfg = Debug|Any CPU
		{37EFC4EF-C49F-4301-B35B-22E5D7BD95C7}.Debug|Any CPU.Build.0 = Debug|Any CPU
		{37EFC4EF-C49F-4301-B35B-22E5D7BD95C7}.Release|Any CPU.ActiveCfg = Release|Any CPU
		{37EFC4EF-C49F-4301-B35B-22E5D7BD95C7}.Release|Any CPU.Build.0 = Release|Any CPU
		{5DAD9280-C9C8-443F-9D6C-9912D00D54A0}.Debug|Any CPU.ActiveCfg = Debug
		{5DAD9280-C9C8-443F-9D6C-9912D00D54A0}.Release|Any CPU.ActiveCfg = Release
	EndGlobalSection
	GlobalSection(SolutionProperties) = preSolution
		HideSolutionNode = FALSE
	EndGlobalSection
	GlobalSection(ExtensibilityGlobals) = postSolution
		SolutionGuid = {CE4E9869-0BA8-4BC9-A25A-D3C8C7797EC9}
	EndGlobalSection
EndGlobal
